
Microsoft Visual Studio Solution File, Format Version 12.00
# Visual Studio Version 16
VisualStudioVersion = 16.0.30011.22
MinimumVisualStudioVersion = 10.0.40219.1
Project("{FAE04EC0-301F-11D3-BF4B-00C04F79EFBC}") = "TennisAssociation", "TennisAssociation.csproj", "{0784F5A1-D373-466D-AE8F-157E9D23F016}"
EndProject
Global
	GlobalSection(SolutionConfigurationPlatforms) = preSolution
		Debug|Any CPU = Debug|Any CPU
		Release|Any CPU = Release|Any CPU
	EndGlobalSection
	GlobalSection(ProjectConfigurationPlatforms) = postSolution
		{0784F5A1-D373-466D-AE8F-157E9D23F016}.Debug|Any CPU.ActiveCfg = Debug|Any CPU
		{0784F5A1-D373-466D-AE8F-157E9D23F016}.Debug|Any CPU.Build.0 = Debug|Any CPU
		{0784F5A1-D373-466D-AE8F-157E9D23F016}.Release|Any CPU.ActiveCfg = Release|Any CPU
		{0784F5A1-D373-466D-AE8F-157E9D23F016}.Release|Any CPU.Build.0 = Release|Any CPU
	EndGlobalSection
	GlobalSection(SolutionProperties) = preSolution
		HideSolutionNode = FALSE
	EndGlobalSection
	GlobalSection(ExtensibilityGlobals) = postSolution
		SolutionGuid = {078BD722-F416-4132-A1EF-16AC96308BDB}
	EndGlobalSection
EndGlobal
